
Microsoft Visual Studio Solution File, Format Version 12.00
# Visual Studio Version 17
VisualStudioVersion = 17.11.35312.102
MinimumVisualStudioVersion = 10.0.40219.1
Project("{FAE04EC0-301F-11D3-BF4B-00C04F79EFBC}") = "PortugueseApartmentPrice-ML", "PortugueseApartmentPrice-ML\PortugueseApartmentPrice-ML.csproj", "{72D62DCD-20C3-44CC-89FC-49624D220EAF}"
EndProject
Global
	GlobalSection(SolutionConfigurationPlatforms) = preSolution
		Debug|Any CPU = Debug|Any CPU
		Release|Any CPU = Release|Any CPU
	EndGlobalSection
	GlobalSection(ProjectConfigurationPlatforms) = postSolution
		{72D62DCD-20C3-44CC-89FC-49624D220EAF}.Debug|Any CPU.ActiveCfg = Debug|Any CPU
		{72D62DCD-20C3-44CC-89FC-49624D220EAF}.Debug|Any CPU.Build.0 = Debug|Any CPU
		{72D62DCD-20C3-44CC-89FC-49624D220EAF}.Release|Any CPU.ActiveCfg = Release|Any CPU
		{72D62DCD-20C3-44CC-89FC-49624D220EAF}.Release|Any CPU.Build.0 = Release|Any CPU
	EndGlobalSection
	GlobalSection(SolutionProperties) = preSolution
		HideSolutionNode = FALSE
	EndGlobalSection
	GlobalSection(ExtensibilityGlobals) = postSolution
		SolutionGuid = {8043CCE8-5106-42F6-8B2D-F7C0CE251698}
	EndGlobalSection
EndGlobal
